
Microsoft Visual Studio Solution File, Format Version 12.00
# Visual Studio Version 17
VisualStudioVersion = 17.13.35913.81 d17.13
MinimumVisualStudioVersion = 10.0.40219.1
Project("{FAE04EC0-301F-11D3-BF4B-00C04F79EFBC}") = "RS.WebApi", "RS.WebApi.csproj", "{2F6670D7-508E-4CDC-BDAE-2AA9F15307FA}"
EndProject
Global
	GlobalSection(SolutionConfigurationPlatforms) = preSolution
		Debug|Any CPU = Debug|Any CPU
		Release|Any CPU = Release|Any CPU
	EndGlobalSection
	GlobalSection(ProjectConfigurationPlatforms) = postSolution
		{2F6670D7-508E-4CDC-BDAE-2AA9F15307FA}.Debug|Any CPU.ActiveCfg = Debug|Any CPU
		{2F6670D7-508E-4CDC-BDAE-2AA9F15307FA}.Debug|Any CPU.Build.0 = Debug|Any CPU
		{2F6670D7-508E-4CDC-BDAE-2AA9F15307FA}.Release|Any CPU.ActiveCfg = Release|Any CPU
		{2F6670D7-508E-4CDC-BDAE-2AA9F15307FA}.Release|Any CPU.Build.0 = Release|Any CPU
	EndGlobalSection
	GlobalSection(SolutionProperties) = preSolution
		HideSolutionNode = FALSE
	EndGlobalSection
	GlobalSection(ExtensibilityGlobals) = postSolution
		SolutionGuid = {E4199FD7-5266-410A-B646-8C2320C9DEB5}
	EndGlobalSection
EndGlobal
